
Microsoft Visual Studio Solution File, Format Version 11.00
# Visual Studio 2010
Project("{FAE04EC0-301F-11D3-BF4B-00C04F79EFBC}") = "BrainfuckInterpreter", "BrainfuckInterpreter.csproj", "{0B075FB7-82A6-456F-8F49-22088D32C498}"
EndProject
Global
	GlobalSection(SolutionConfigurationPlatforms) = preSolution
		Debug|x86 = Debug|x86
		Release|x86 = Release|x86
	EndGlobalSection
	GlobalSection(ProjectConfigurationPlatforms) = postSolution
		{0B075FB7-82A6-456F-8F49-22088D32C498}.Debug|x86.ActiveCfg = Debug|x86
		{0B075FB7-82A6-456F-8F49-22088D32C498}.Debug|x86.Build.0 = Debug|x86
		{0B075FB7-82A6-456F-8F49-22088D32C498}.Release|x86.ActiveCfg = Release|x86
		{0B075FB7-82A6-456F-8F49-22088D32C498}.Release|x86.Build.0 = Release|x86
	EndGlobalSection
	GlobalSection(MonoDevelopProperties) = preSolution
		StartupItem = BrainfuckInterpreter.csproj
	EndGlobalSection
EndGlobal
